
Microsoft Visual Studio Solution File, Format Version 12.00
# Visual Studio Version 17
VisualStudioVersion = 17.4.33205.214
MinimumVisualStudioVersion = 10.0.40219.1
Project("{F184B08F-C81C-45F6-A57F-5ABD9991F28F}") = "Sequences_WIPO", "Sequences_WIPO\Sequences_WIPO.vbproj", "{8B68B1F4-BED2-412C-887D-5D5D35744075}"
EndProject
Global
	GlobalSection(SolutionConfigurationPlatforms) = preSolution
		Debug|Any CPU = Debug|Any CPU
		Release|Any CPU = Release|Any CPU
	EndGlobalSection
	GlobalSection(ProjectConfigurationPlatforms) = postSolution
		{8B68B1F4-BED2-412C-887D-5D5D35744075}.Debug|Any CPU.ActiveCfg = Debug|Any CPU
		{8B68B1F4-BED2-412C-887D-5D5D35744075}.Debug|Any CPU.Build.0 = Debug|Any CPU
		{8B68B1F4-BED2-412C-887D-5D5D35744075}.Release|Any CPU.ActiveCfg = Release|Any CPU
		{8B68B1F4-BED2-412C-887D-5D5D35744075}.Release|Any CPU.Build.0 = Release|Any CPU
	EndGlobalSection
	GlobalSection(SolutionProperties) = preSolution
		HideSolutionNode = FALSE
	EndGlobalSection
	GlobalSection(ExtensibilityGlobals) = postSolution
		SolutionGuid = {799E6621-521D-4059-BDB1-08B1C270DEF2}
	EndGlobalSection
EndGlobal
